PODS:
  - Expecta (0.2.2)
  - RKValueTransformers (1.0.0)

DEPENDENCIES:
  - Expecta (~> 0.2.1)
  - RKValueTransformers (from `.`)

EXTERNAL SOURCES:
  RKValueTransformers:
    :path: .

SPEC CHECKSUMS:
  Expecta: 99adbb2e366a02796477523bfd426143350d9caf
  RKValueTransformers: 756c4a8c98005b61a1f91f3902db00cece801ec7

COCOAPODS: 0.24.0
